{
  "pins" : [
    {
      "identity" : "fluidaudio",
      "kind" : "remoteSourceControl",
      "location" : "https://github.com/FluidInference/FluidAudio.git",
      "state" : {
        "revision" : "6c40eca4310efffe80e723f1e628f6cf76d3feaf",
        "version" : "0.13.5"
      }
    },
    {
      "identity" : "settingsaccess",
      "kind" : "remoteSourceControl",
      "location" : "https://github.com/orchetect/SettingsAccess",
      "state" : {
        "revision" : "08e80c35501f273afa2f5d6f737429bbe395ff81",
        "version" : "2.1.0"
      }
    }
  ],
  "version" : 2
}
